PODS:
  - BarricadeKit (1.1.1):
    - BarricadeKit/Core (= 1.1.1)
  - BarricadeKit/Core (1.1.1)
  - Tweaks (2.0.0)

DEPENDENCIES:
  - BarricadeKit (from `../..`)
  - Tweaks (= 2.0.0)

SPEC REPOS:
  https://github.com/cocoapods/specs.git:
    - Tweaks

EXTERNAL SOURCES:
  BarricadeKit:
    :path: "../.."

SPEC CHECKSUMS:
  BarricadeKit: 763460b09220c573bee6475b70c3263cb73d9450
  Tweaks: 524fa47636cce3bf3a4d9156e980f10ae9480e81

PODFILE CHECKSUM: 87b292f62276ff82392502b0e6a051e776dd18f0

COCOAPODS: 1.5.3
