PODS:
  - BarricadeKit (0.0.1):
    - BarricadeKit/Core (= 0.0.1)
  - BarricadeKit/Core (0.0.1)

DEPENDENCIES:
  - BarricadeKit (from `../..`)

EXTERNAL SOURCES:
  BarricadeKit:
    :path: ../..

SPEC CHECKSUMS:
  BarricadeKit: 579aa6d788c3ac2d0f04e80e8f9518976963d1ed

PODFILE CHECKSUM: 6166951f35e1d8542396307dbc779e4fc33b43c6

COCOAPODS: 1.2.1
